// !$*UTF8*$!
{
	archiveVersion = 1;
	classes = {
	};
	objectVersion = 77;
	objects = {

/* Begin PBXContainerItemProxy section */
		16ACF6472E19B44B0059E84E /* PBXContainerItemProxy */ = {
			isa = PBXContainerItemProxy;
			containerPortal = 16ACF6302E19B44A0059E84E /* Project object */;
			proxyType = 1;
			remoteGlobalIDString = 16ACF6372E19B44A0059E84E;
			remoteInfo = Driver_Alertness_Detection;
		};
		16ACF6512E19B44B0059E84E /* PBXContainerItemProxy */ = {
			isa = PBXContainerItemProxy;
			containerPortal = 16ACF6302E19B44A0059E84E /* Project object */;
			proxyType = 1;
			remoteGlobalIDString = 16ACF6372E19B44A0059E84E;
			remoteInfo = Driver_Alertness_Detection;
		};
/* End PBXContainerItemProxy section */

/* Begin PBXFileReference section */
		16ACF6382E19B44A0059E84E /* Driver_Alertness_Detection.app */ = {isa = PBXFileReference; explicitFileType = wrapper.application; includeInIndex = 0; path = Driver_Alertness_Detection.app; sourceTree = BUILT_PRODUCTS_DIR; };
		16ACF6462E19B44B0059E84E /* Driver_Alertness_DetectionTests.xctest */ = {isa = PBXFileReference; explicitFileType = wrapper.cfbundle; includeInIndex = 0; path = Driver_Alertness_DetectionTests.xctest; sourceTree = BUILT_PRODUCTS_DIR; };
		16ACF6502E19B44B0059E84E /* Driver_Alertness_DetectionUITests.xctest */ = {isa = PBXFileReference; explicitFileType = wrapper.cfbundle; includeInIndex = 0; path = Driver_Alertness_DetectionUITests.xctest; sourceTree = BUILT_PRODUCTS_DIR; };
/* End PBXFileReference section */

/* Begin PBXFileSystemSynchronizedRootGroup section */
		16ACF63A2E19B44A0059E84E /* Driver_Alertness_Detection */ = {
			isa = PBXFileSystemSynchronizedRootGroup;
			path = Driver_Alertness_Detection;
			sourceTree = "<group>";
		};
		16ACF6492E19B44B0059E84E /* Driver_Alertness_DetectionTests */ = {
			isa = PBXFileSystemSynchronizedRootGroup;
			path = Driver_Alertness_DetectionTests;
			sourceTree = "<group>";
		};
		16ACF6532E19B44B0059E84E /* Driver_Alertness_DetectionUITests */ = {
			isa = PBXFileSystemSynchronizedRootGroup;
			path = Driver_Alertness_DetectionUITests;
			sourceTree = "<group>";
		};
/* End PBXFileSystemSynchronizedRootGroup section */

/* Begin PBXFrameworksBuildPhase section */
		16ACF6352E19B44A0059E84E /* Frameworks */ = {
			isa = PBXFrameworksBuildPhase;
			buildActionMask = 2147483647;
			files = (
			);
			runOnlyForDeploymentPostprocessing = 0;
		};
		16ACF6432E19B44B0059E84E /* Frameworks */ = {
			isa = PBXFrameworksBuildPhase;
			buildActionMask = 2147483647;
			files = (
			);
			runOnlyForDeploymentPostprocessing = 0;
		};
		16ACF64D2E19B44B0059E84E /* Frameworks */ = {
			isa = PBXFrameworksBuildPhase;
			buildActionMask = 2147483647;
			files = (
			);
			runOnlyForDeploymentPostprocessing = 0;
		};
/* End PBXFrameworksBuildPhase section */

/* Begin PBXGroup section */
		16ACF62F2E19B44A0059E84E = {
			isa = PBXGroup;
			children = (
				16ACF63A2E19B44A0059E84E /* Driver_Alertness_Detection */,
				16ACF6492E19B44B0059E84E /* Driver_Alertness_DetectionTests */,
				16ACF6532E19B44B0059E84E /* Driver_Alertness_DetectionUITests */,
				16ACF6392E19B44A0059E84E /* Products */,
			);
			sourceTree = "<group>";
		};
		16ACF6392E19B44A0059E84E /* Products */ = {
			isa = PBXGroup;
			children = (
				16ACF6382E19B44A0059E84E /* Driver_Alertness_Detection.app */,
				16ACF6462E19B44B0059E84E /* Driver_Alertness_DetectionTests.xctest */,
				16ACF6502E19B44B0059E84E /* Driver_Alertness_DetectionUITests.xctest */,
			);
			name = Products;
			sourceTree = "<group>";
		};
/* End PBXGroup section */

/* Begin PBXNativeTarget section */
		16ACF6372E19B44A0059E84E /* Driver_Alertness_Detection */ = {
			isa = PBXNativeTarget;
			buildConfigurationList = 16ACF65A2E19B44B0059E84E /* Build configuration list for PBXNativeTarget "Driver_Alertness_Detection" */;
			buildPhases = (
				16ACF6342E19B44A0059E84E /* Sources */,
				16ACF6352E19B44A0059E84E /* Frameworks */,
				16ACF6362E19B44A0059E84E /* Resources */,
			);
			buildRules = (
			);
			dependencies = (
			);
			fileSystemSynchronizedGroups = (
				16ACF63A2E19B44A0059E84E /* Driver_Alertness_Detection */,
			);
			name = Driver_Alertness_Detection;
			packageProductDependencies = (
			);
			productName = Driver_Alertness_Detection;
			productReference = 16ACF6382E19B44A0059E84E /* Driver_Alertness_Detection.app */;
			productType = "com.apple.product-type.application";
		};
		16ACF6452E19B44B0059E84E /* Driver_Alertness_DetectionTests */ = {
			isa = PBXNativeTarget;
			buildConfigurationList = 16ACF65D2E19B44B0059E84E /* Build configuration list for PBXNativeTarget "Driver_Alertness_DetectionTests" */;
			buildPhases = (
				16ACF6422E19B44B0059E84E /* Sources */,
				16ACF6432E19B44B0059E84E /* Frameworks */,
				16ACF6442E19B44B0059E84E /* Resources */,
			);
			buildRules = (
			);
			dependencies = (
				16ACF6482E19B44B0059E84E /* PBXTargetDependency */,
			);
			fileSystemSynchronizedGroups = (
				16ACF6492E19B44B0059E84E /* Driver_Alertness_DetectionTests */,
			);
			name = Driver_Alertness_DetectionTests;
			packageProductDependencies = (
			);
			productName = Driver_Alertness_DetectionTests;
			productReference = 16ACF6462E19B44B0059E84E /* Driver_Alertness_DetectionTests.xctest */;
			productType = "com.apple.product-type.bundle.unit-test";
		};
		16ACF64F2E19B44B0059E84E /* Driver_Alertness_DetectionUITests */ = {
			isa = PBXNativeTarget;
			buildConfigurationList = 16ACF6602E19B44B0059E84E /* Build configuration list for PBXNativeTarget "Driver_Alertness_DetectionUITests" */;
			buildPhases = (
				16ACF64C2E19B44B0059E84E /* Sources */,
				16ACF64D2E19B44B0059E84E /* Frameworks */,
				16ACF64E2E19B44B0059E84E /* Resources */,
			);
			buildRules = (
			);
			dependencies = (
				16ACF6522E19B44B0059E84E /* PBXTargetDependency */,
			);
			fileSystemSynchronizedGroups = (
				16ACF6532E19B44B0059E84E /* Driver_Alertness_DetectionUITests */,
			);
			name = Driver_Alertness_DetectionUITests;
			packageProductDependencies = (
			);
			productName = Driver_Alertness_DetectionUITests;
			productReference = 16ACF6502E19B44B0059E84E /* Driver_Alertness_DetectionUITests.xctest */;
			productType = "com.apple.product-type.bundle.ui-testing";
		};
/* End PBXNativeTarget section */

/* Begin PBXProject section */
		16ACF6302E19B44A0059E84E /* Project object */ = {
			isa = PBXProject;
			attributes = {
				BuildIndependentTargetsInParallel = 1;
				LastSwiftUpdateCheck = 1640;
				LastUpgradeCheck = 1640;
				TargetAttributes = {
					16ACF6372E19B44A0059E84E = {
						CreatedOnToolsVersion = 16.4;
					};
					16ACF6452E19B44B0059E84E = {
						CreatedOnToolsVersion = 16.4;
						TestTargetID = 16ACF6372E19B44A0059E84E;
					};
					16ACF64F2E19B44B0059E84E = {
						CreatedOnToolsVersion = 16.4;
						TestTargetID = 16ACF6372E19B44A0059E84E;
					};
				};
			};
			buildConfigurationList = 16ACF6332E19B44A0059E84E /* Build configuration list for PBXProject "Driver_Alertness_Detection" */;
			developmentRegion = en;
			hasScannedForEncodings = 0;
			knownRegions = (
				en,
				Base,
			);
			mainGroup = 16ACF62F2E19B44A0059E84E;
			minimizedProjectReferenceProxies = 1;
			preferredProjectObjectVersion = 77;
			productRefGroup = 16ACF6392E19B44A0059E84E /* Products */;
			projectDirPath = "";
			projectRoot = "";
			targets = (
				16ACF6372E19B44A0059E84E /* Driver_Alertness_Detection */,
				16ACF6452E19B44B0059E84E /* Driver_Alertness_DetectionTests */,
				16ACF64F2E19B44B0059E84E /* Driver_Alertness_DetectionUITests */,
			);
		};
/* End PBXProject section */

/* Begin PBXResourcesBuildPhase section */
		16ACF6362E19B44A0059E84E /* Resources */ = {
			isa = PBXResourcesBuildPhase;
			buildActionMask = 2147483647;
			files = (
			);
			runOnlyForDeploymentPostprocessing = 0;
		};
		16ACF6442E19B44B0059E84E /* Resources */ = {
			isa = PBXResourcesBuildPhase;
			buildActionMask = 2147483647;
			files = (
			);
			runOnlyForDeploymentPostprocessing = 0;
		};
		16ACF64E2E19B44B0059E84E /* Resources */ = {
			isa = PBXResourcesBuildPhase;
			buildActionMask = 2147483647;
			files = (
			);
			runOnlyForDeploymentPostprocessing = 0;
		};
/* End PBXResourcesBuildPhase section */

/* Begin PBXSourcesBuildPhase section */
		16ACF6342E19B44A0059E84E /* Sources */ = {
			isa = PBXSourcesBuildPhase;
			buildActionMask = 2147483647;
			files = (
			);
			runOnlyForDeploymentPostprocessing = 0;
		};
		16ACF6422E19B44B0059E84E /* Sources */ = {
			isa = PBXSourcesBuildPhase;
			buildActionMask = 2147483647;
			files = (
			);
			runOnlyForDeploymentPostprocessing = 0;
		};
		16ACF64C2E19B44B0059E84E /* Sources */ = {
			isa = PBXSourcesBuildPhase;
			buildActionMask = 2147483647;
			files = (
			);
			runOnlyForDeploymentPostprocessing = 0;
		};
/* End PBXSourcesBuildPhase section */

/* Begin PBXTargetDependency section */
		16ACF6482E19B44B0059E84E /* PBXTargetDependency */ = {
			isa = PBXTargetDependency;
			target = 16ACF6372E19B44A0059E84E /* Driver_Alertness_Detection */;
			targetProxy = 16ACF6472E19B44B0059E84E /* PBXContainerItemProxy */;
		};
		16ACF6522E19B44B0059E84E /* PBXTargetDependency */ = {
			isa = PBXTargetDependency;
			target = 16ACF6372E19B44A0059E84E /* Driver_Alertness_Detection */;
			targetProxy = 16ACF6512E19B44B0059E84E /* PBXContainerItemProxy */;
		};
/* End PBXTargetDependency section */

/* Begin XCBuildConfiguration section */
		16ACF6582E19B44B0059E84E /* Debug */ = {
			isa = XCBuildConfiguration;
			buildSettings = {
				ALWAYS_SEARCH_USER_PATHS = NO;
				ASSETCATALOG_COMPILER_GENERATE_SWIFT_ASSET_SYMBOL_EXTENSIONS = YES;
				CLANG_ANALYZER_NONNULL = YES;
				CLANG_ANALYZER_NUMBER_OBJECT_CONVERSION = YES_AGGRESSIVE;
				CLANG_CXX_LANGUAGE_STANDARD = "gnu++20";
				CLANG_ENABLE_MODULES = YES;
				CLANG_ENABLE_OBJC_ARC = YES;
				CLANG_ENABLE_OBJC_WEAK = YES;
				CLANG_WARN_BLOCK_CAPTURE_AUTORELEASING = YES;
				CLANG_WARN_BOOL_CONVERSION = YES;
				CLANG_WARN_COMMA = YES;
				CLANG_WARN_CONSTANT_CONVERSION = YES;
				CLANG_WARN_DEPRECATED_OBJC_IMPLEMENTATIONS = YES;
				CLANG_WARN_DIRECT_OBJC_ISA_USAGE = YES_ERROR;
				CLANG_WARN_DOCUMENTATION_COMMENTS = YES;
				CLANG_WARN_EMPTY_BODY = YES;
				CLANG_WARN_ENUM_CONVERSION = YES;
				CLANG_WARN_INFINITE_RECURSION = YES;
				CLANG_WARN_INT_CONVERSION = YES;
				CLANG_WARN_NON_LITERAL_NULL_CONVERSION = YES;
				CLANG_WARN_OBJC_IMPLICIT_RETAIN_SELF = YES;
				CLANG_WARN_OBJC_LITERAL_CONVERSION = YES;
				CLANG_WARN_OBJC_ROOT_CLASS = YES_ERROR;
				CLANG_WARN_QUOTED_INCLUDE_IN_FRAMEWORK_HEADER = YES;
				CLANG_WARN_RANGE_LOOP_ANALYSIS = YES;
				CLANG_WARN_STRICT_PROTOTYPES = YES;
				CLANG_WARN_SUSPICIOUS_MOVE = YES;
				CLANG_WARN_UNGUARDED_AVAILABILITY = YES_AGGRESSIVE;
				CLANG_WARN_UNREACHABLE_CODE = YES;
				CLANG_WARN__DUPLICATE_METHOD_MATCH = YES;
				COPY_PHASE_STRIP = NO;
				DEBUG_INFORMATION_FORMAT = dwarf;
				ENABLE_STRICT_OBJC_MSGSEND = YES;
				ENABLE_TESTABILITY = YES;
				ENABLE_USER_SCRIPT_SANDBOXING = YES;
				GCC_C_LANGUAGE_STANDARD = gnu17;
				GCC_DYNAMIC_NO_PIC = NO;
				GCC_NO_COMMON_BLOCKS = YES;
				GCC_OPTIMIZATION_LEVEL = 0;
				GCC_PREPROCESSOR_DEFINITIONS = (
					"DEBUG=1",
					"$(inherited)",
				);
				GCC_WARN_64_TO_32_BIT_CONVERSION = YES;
				GCC_WARN_ABOUT_RETURN_TYPE = YES_ERROR;
				GCC_WARN_UNDECLARED_SELECTOR = YES;
				GCC_WARN_UNINITIALIZED_AUTOS = YES_AGGRESSIVE;
				GCC_WARN_UNUSED_FUNCTION = YES;
				GCC_WARN_UNUSED_VARIABLE = YES;
				LOCALIZATION_PREFERS_STRING_CATALOGS = YES;
				MTL_ENABLE_DEBUG_INFO = INCLUDE_SOURCE;
				MTL_FAST_MATH = YES;
				ONLY_ACTIVE_ARCH = YES;
				SWIFT_ACTIVE_COMPILATION_CONDITIONS = "DEBUG $(inherited)";
				SWIFT_OPTIMIZATION_LEVEL = "-Onone";
			};
			name = Debug;
		};
		16ACF6592E19B44B0059E84E /* Release */ = {
			isa = XCBuildConfiguration;
			buildSettings = {
				ALWAYS_SEARCH_USER_PATHS = NO;
				ASSETCATALOG_COMPILER_GENERATE_SWIFT_ASSET_SYMBOL_EXTENSIONS = YES;
				CLANG_ANALYZER_NONNULL = YES;
				CLANG_ANALYZER_NUMBER_OBJECT_CONVERSION = YES_AGGRESSIVE;
				CLANG_CXX_LANGUAGE_STANDARD = "gnu++20";
				CLANG_ENABLE_MODULES = YES;
				CLANG_ENABLE_OBJC_ARC = YES;
				CLANG_ENABLE_OBJC_WEAK = YES;
				CLANG_WARN_BLOCK_CAPTURE_AUTORELEASING = YES;
				CLANG_WARN_BOOL_CONVERSION = YES;
				CLANG_WARN_COMMA = YES;
				CLANG_WARN_CONSTANT_CONVERSION = YES;
				CLANG_WARN_DEPRECATED_OBJC_IMPLEMENTATIONS = YES;
				CLANG_WARN_DIRECT_OBJC_ISA_USAGE = YES_ERROR;
				CLANG_WARN_DOCUMENTATION_COMMENTS = YES;
				CLANG_WARN_EMPTY_BODY = YES;
				CLANG_WARN_ENUM_CONVERSION = YES;
				CLANG_WARN_INFINITE_RECURSION = YES;
				CLANG_WARN_INT_CONVERSION = YES;
				CLANG_WARN_NON_LITERAL_NULL_CONVERSION = YES;
				CLANG_WARN_OBJC_IMPLICIT_RETAIN_SELF = YES;
				CLANG_WARN_OBJC_LITERAL_CONVERSION = YES;
				CLANG_WARN_OBJC_ROOT_CLASS = YES_ERROR;
				CLANG_WARN_QUOTED_INCLUDE_IN_FRAMEWORK_HEADER = YES;
				CLANG_WARN_RANGE_LOOP_ANALYSIS = YES;
				CLANG_WARN_STRICT_PROTOTYPES = YES;
				CLANG_WARN_SUSPICIOUS_MOVE = YES;
				CLANG_WARN_UNGUARDED_AVAILABILITY = YES_AGGRESSIVE;
				CLANG_WARN_UNREACHABLE_CODE = YES;
				CLANG_WARN__DUPLICATE_METHOD_MATCH = YES;
				COPY_PHASE_STRIP = NO;
				DEBUG_INFORMATION_FORMAT = "dwarf-with-dsym";
				ENABLE_NS_ASSERTIONS = NO;
				ENABLE_STRICT_OBJC_MSGSEND = YES;
				ENABLE_USER_SCRIPT_SANDBOXING = YES;
				GCC_C_LANGUAGE_STANDARD = gnu17;
				GCC_NO_COMMON_BLOCKS = YES;
				GCC_WARN_64_TO_32_BIT_CONVERSION = YES;
				GCC_WARN_ABOUT_RETURN_TYPE = YES_ERROR;
				GCC_WARN_UNDECLARED_SELECTOR = YES;
				GCC_WARN_UNINITIALIZED_AUTOS = YES_AGGRESSIVE;
				GCC_WARN_UNUSED_FUNCTION = YES;
				GCC_WARN_UNUSED_VARIABLE = YES;
				LOCALIZATION_PREFERS_STRING_CATALOGS = YES;
				MTL_ENABLE_DEBUG_INFO = NO;
				MTL_FAST_MATH = YES;
				SWIFT_COMPILATION_MODE = wholemodule;
			};
			name = Release;
		};
		16ACF65B2E19B44B0059E84E /* Debug */ = {
			isa = XCBuildConfiguration;
			buildSettings = {
				ASSETCATALOG_COMPILER_APPICON_NAME = AppIcon;
				ASSETCATALOG_COMPILER_GLOBAL_ACCENT_COLOR_NAME = AccentColor;
				CODE_SIGN_ENTITLEMENTS = Driver_Alertness_Detection/Driver_Alertness_Detection.entitlements;
				CODE_SIGN_STYLE = Automatic;
				CURRENT_PROJECT_VERSION = 1;
				ENABLE_PREVIEWS = YES;
				GENERATE_INFOPLIST_FILE = YES;
				"INFOPLIST_KEY_UIApplicationSceneManifest_Generation[sdk=iphoneos*]" = YES;
				"INFOPLIST_KEY_UIApplicationSceneManifest_Generation[sdk=iphonesimulator*]" = YES;
				"INFOPLIST_KEY_UIApplicationSupportsIndirectInputEvents[sdk=iphoneos*]" = YES;
				"INFOPLIST_KEY_UIApplicationSupportsIndirectInputEvents[sdk=iphonesimulator*]" = YES;
				"INFOPLIST_KEY_UILaunchScreen_Generation[sdk=iphoneos*]" = YES;
				"INFOPLIST_KEY_UILaunchScreen_Generation[sdk=iphonesimulator*]" = YES;
				"INFOPLIST_KEY_UIStatusBarStyle[sdk=iphoneos*]" = UIStatusBarStyleDefault;
				"INFOPLIST_KEY_UIStatusBarStyle[sdk=iphonesimulator*]" = UIStatusBarStyleDefault;
				INFOPLIST_KEY_UISupportedInterfaceOrientations_iPad = "UIInterfaceOrientationPortrait UIInterfaceOrientationPortraitUpsideDown UIInterfaceOrientationLandscapeLeft UIInterfaceOrientationLandscapeRight";
				INFOPLIST_KEY_UISupportedInterfaceOrientations_iPhone = "UIInterfaceOrientationPortrait UIInterfaceOrientationLandscapeLeft UIInterfaceOrientationLandscapeRight";
				IPHONEOS_DEPLOYMENT_TARGET = 18.5;
				LD_RUNPATH_SEARCH_PATHS = "@executable_path/Frameworks";
				"LD_RUNPATH_SEARCH_PATHS[sdk=macosx*]" = "@executable_path/../Frameworks";
				MACOSX_DEPLOYMENT_TARGET = 15.5;
				MARKETING_VERSION = 1.0;
				PRODUCT_BUNDLE_IDENTIFIER = "sourabh-chauhan.Driver-Alertness-Detection";
				PRODUCT_NAME = "$(TARGET_NAME)";
				REGISTER_APP_GROUPS = YES;
				SDKROOT = auto;
				SUPPORTED_PLATFORMS = "iphoneos iphonesimulator macosx xros xrsimulator";
				SWIFT_EMIT_LOC_STRINGS = YES;
				SWIFT_VERSION = 5.0;
				TARGETED_DEVICE_FAMILY = "1,2,7";
				XROS_DEPLOYMENT_TARGET = 2.5;
			};
			name = Debug;
		};
		16ACF65C2E19B44B0059E84E /* Release */ = {
			isa = XCBuildConfiguration;
			buildSettings = {
				ASSETCATALOG_COMPILER_APPICON_NAME = AppIcon;
				ASSETCATALOG_COMPILER_GLOBAL_ACCENT_COLOR_NAME = AccentColor;
				CODE_SIGN_ENTITLEMENTS = Driver_Alertness_Detection/Driver_Alertness_Detection.entitlements;
				CODE_SIGN_STYLE = Automatic;
				CURRENT_PROJECT_VERSION = 1;
				ENABLE_PREVIEWS = YES;
				GENERATE_INFOPLIST_FILE = YES;
				"INFOPLIST_KEY_UIApplicationSceneManifest_Generation[sdk=iphoneos*]" = YES;
				"INFOPLIST_KEY_UIApplicationSceneManifest_Generation[sdk=iphonesimulator*]" = YES;
				"INFOPLIST_KEY_UIApplicationSupportsIndirectInputEvents[sdk=iphoneos*]" = YES;
				"INFOPLIST_KEY_UIApplicationSupportsIndirectInputEvents[sdk=iphonesimulator*]" = YES;
				"INFOPLIST_KEY_UILaunchScreen_Generation[sdk=iphoneos*]" = YES;
				"INFOPLIST_KEY_UILaunchScreen_Generation[sdk=iphonesimulator*]" = YES;
				"INFOPLIST_KEY_UIStatusBarStyle[sdk=iphoneos*]" = UIStatusBarStyleDefault;
				"INFOPLIST_KEY_UIStatusBarStyle[sdk=iphonesimulator*]" = UIStatusBarStyleDefault;
				INFOPLIST_KEY_UISupportedInterfaceOrientations_iPad = "UIInterfaceOrientationPortrait UIInterfaceOrientationPortraitUpsideDown UIInterfaceOrientationLandscapeLeft UIInterfaceOrientationLandscapeRight";
				INFOPLIST_KEY_UISupportedInterfaceOrientations_iPhone = "UIInterfaceOrientationPortrait UIInterfaceOrientationLandscapeLeft UIInterfaceOrientationLandscapeRight";
				IPHONEOS_DEPLOYMENT_TARGET = 18.5;
				LD_RUNPATH_SEARCH_PATHS = "@executable_path/Frameworks";
				"LD_RUNPATH_SEARCH_PATHS[sdk=macosx*]" = "@executable_path/../Frameworks";
				MACOSX_DEPLOYMENT_TARGET = 15.5;
				MARKETING_VERSION = 1.0;
				PRODUCT_BUNDLE_IDENTIFIER = "sourabh-chauhan.Driver-Alertness-Detection";
				PRODUCT_NAME = "$(TARGET_NAME)";
				REGISTER_APP_GROUPS = YES;
				SDKROOT = auto;
				SUPPORTED_PLATFORMS = "iphoneos iphonesimulator macosx xros xrsimulator";
				SWIFT_EMIT_LOC_STRINGS = YES;
				SWIFT_VERSION = 5.0;
				TARGETED_DEVICE_FAMILY = "1,2,7";
				XROS_DEPLOYMENT_TARGET = 2.5;
			};
			name = Release;
		};
		16ACF65E2E19B44B0059E84E /* Debug */ = {
			isa = XCBuildConfiguration;
			buildSettings = {
				BUNDLE_LOADER = "$(TEST_HOST)";
				CODE_SIGN_STYLE = Automatic;
				CURRENT_PROJECT_VERSION = 1;
				GENERATE_INFOPLIST_FILE = YES;
				IPHONEOS_DEPLOYMENT_TARGET = 18.5;
				MACOSX_DEPLOYMENT_TARGET = 15.5;
				MARKETING_VERSION = 1.0;
				PRODUCT_BUNDLE_IDENTIFIER = "sourabh-chauhan.Driver-Alertness-DetectionTests";
				PRODUCT_NAME = "$(TARGET_NAME)";
				SDKROOT = auto;
				SUPPORTED_PLATFORMS = "iphoneos iphonesimulator macosx xros xrsimulator";
				SWIFT_EMIT_LOC_STRINGS = NO;
				SWIFT_VERSION = 5.0;
				TARGETED_DEVICE_FAMILY = "1,2,7";
				TEST_HOST = "$(BUILT_PRODUCTS_DIR)/Driver_Alertness_Detection.app/$(BUNDLE_EXECUTABLE_FOLDER_PATH)/Driver_Alertness_Detection";
				XROS_DEPLOYMENT_TARGET = 2.5;
			};
			name = Debug;
		};
		16ACF65F2E19B44B0059E84E /* Release */ = {
			isa = XCBuildConfiguration;
			buildSettings = {
				BUNDLE_LOADER = "$(TEST_HOST)";
				CODE_SIGN_STYLE = Automatic;
				CURRENT_PROJECT_VERSION = 1;
				GENERATE_INFOPLIST_FILE = YES;
				IPHONEOS_DEPLOYMENT_TARGET = 18.5;
				MACOSX_DEPLOYMENT_TARGET = 15.5;
				MARKETING_VERSION = 1.0;
				PRODUCT_BUNDLE_IDENTIFIER = "sourabh-chauhan.Driver-Alertness-DetectionTests";
				PRODUCT_NAME = "$(TARGET_NAME)";
				SDKROOT = auto;
				SUPPORTED_PLATFORMS = "iphoneos iphonesimulator macosx xros xrsimulator";
				SWIFT_EMIT_LOC_STRINGS = NO;
				SWIFT_VERSION = 5.0;
				TARGETED_DEVICE_FAMILY = "1,2,7";
				TEST_HOST = "$(BUILT_PRODUCTS_DIR)/Driver_Alertness_Detection.app/$(BUNDLE_EXECUTABLE_FOLDER_PATH)/Driver_Alertness_Detection";
				XROS_DEPLOYMENT_TARGET = 2.5;
			};
			name = Release;
		};
		16ACF6612E19B44B0059E84E /* Debug */ = {
			isa = XCBuildConfiguration;
			buildSettings = {
				CODE_SIGN_STYLE = Automatic;
				CURRENT_PROJECT_VERSION = 1;
				GENERATE_INFOPLIST_FILE = YES;
				IPHONEOS_DEPLOYMENT_TARGET = 18.5;
				MACOSX_DEPLOYMENT_TARGET = 15.5;
				MARKETING_VERSION = 1.0;
				PRODUCT_BUNDLE_IDENTIFIER = "sourabh-chauhan.Driver-Alertness-DetectionUITests";
				PRODUCT_NAME = "$(TARGET_NAME)";
				SDKROOT = auto;
				SUPPORTED_PLATFORMS = "iphoneos iphonesimulator macosx xros xrsimulator";
				SWIFT_EMIT_LOC_STRINGS = NO;
				SWIFT_VERSION = 5.0;
				TARGETED_DEVICE_FAMILY = "1,2,7";
				TEST_TARGET_NAME = Driver_Alertness_Detection;
				XROS_DEPLOYMENT_TARGET = 2.5;
			};
			name = Debug;
		};
		16ACF6622E19B44B0059E84E /* Release */ = {
			isa = XCBuildConfiguration;
			buildSettings = {
				CODE_SIGN_STYLE = Automatic;
				CURRENT_PROJECT_VERSION = 1;
				GENERATE_INFOPLIST_FILE = YES;
				IPHONEOS_DEPLOYMENT_TARGET = 18.5;
				MACOSX_DEPLOYMENT_TARGET = 15.5;
				MARKETING_VERSION = 1.0;
				PRODUCT_BUNDLE_IDENTIFIER = "sourabh-chauhan.Driver-Alertness-DetectionUITests";
				PRODUCT_NAME = "$(TARGET_NAME)";
				SDKROOT = auto;
				SUPPORTED_PLATFORMS = "iphoneos iphonesimulator macosx xros xrsimulator";
				SWIFT_EMIT_LOC_STRINGS = NO;
				SWIFT_VERSION = 5.0;
				TARGETED_DEVICE_FAMILY = "1,2,7";
				TEST_TARGET_NAME = Driver_Alertness_Detection;
				XROS_DEPLOYMENT_TARGET = 2.5;
			};
			name = Release;
		};
/* End XCBuildConfiguration section */

/* Begin XCConfigurationList section */
		16ACF6332E19B44A0059E84E /* Build configuration list for PBXProject "Driver_Alertness_Detection" */ = {
			isa = XCConfigurationList;
			buildConfigurations = (
				16ACF6582E19B44B0059E84E /* Debug */,
				16ACF6592E19B44B0059E84E /* Release */,
			);
			defaultConfigurationIsVisible = 0;
			defaultConfigurationName = Release;
		};
		16ACF65A2E19B44B0059E84E /* Build configuration list for PBXNativeTarget "Driver_Alertness_Detection" */ = {
			isa = XCConfigurationList;
			buildConfigurations = (
				16ACF65B2E19B44B0059E84E /* Debug */,
				16ACF65C2E19B44B0059E84E /* Release */,
			);
			defaultConfigurationIsVisible = 0;
			defaultConfigurationName = Release;
		};
		16ACF65D2E19B44B0059E84E /* Build configuration list for PBXNativeTarget "Driver_Alertness_DetectionTests" */ = {
			isa = XCConfigurationList;
			buildConfigurations = (
				16ACF65E2E19B44B0059E84E /* Debug */,
				16ACF65F2E19B44B0059E84E /* Release */,
			);
			defaultConfigurationIsVisible = 0;
			defaultConfigurationName = Release;
		};
		16ACF6602E19B44B0059E84E /* Build configuration list for PBXNativeTarget "Driver_Alertness_DetectionUITests" */ = {
			isa = XCConfigurationList;
			buildConfigurations = (
				16ACF6612E19B44B0059E84E /* Debug */,
				16ACF6622E19B44B0059E84E /* Release */,
			);
			defaultConfigurationIsVisible = 0;
			defaultConfigurationName = Release;
		};
/* End XCConfigurationList section */
	};
	rootObject = 16ACF6302E19B44A0059E84E /* Project object */;
}
